
Microsoft Visual Studio Solution File, Format Version 12.00
# Visual Studio 14
VisualStudioVersion = 14.0.24720.0
MinimumVisualStudioVersion = 10.0.40219.1
Project("{2150E333-8FDC-42A3-9474-1A3956D46DE8}") = "Source", "Source", "{69F2EB0F-A1F9-4D98-8E55-14A01AFB384C}"
EndProject
Project("{FAE04EC0-301F-11D3-BF4B-00C04F79EFBC}") = "CredentialRepository", "Source\CredentialRepository\CredentialRepository.csproj", "{F117D2BA-9625-4127-8581-0D5DB5663738}"
EndProject
Project("{FAE04EC0-301F-11D3-BF4B-00C04F79EFBC}") = "EntityFrameworkExt", "Source\EntityFrameworkExt\EntityFrameworkExt.csproj", "{410A16AD-B946-4E4D-8F42-DD91EC98CE42}"
EndProject
Project("{FAE04EC0-301F-11D3-BF4B-00C04F79EFBC}") = "EntityFrameworkExt.Models", "Source\EntityFrameworkExt.Models\EntityFrameworkExt.Models.csproj", "{C9F20539-55C3-497F-B2B3-9F180FE30474}"
EndProject
Project("{2150E333-8FDC-42A3-9474-1A3956D46DE8}") = "DebugLauncher", "DebugLauncher", "{45189B90-5C0D-4503-9FD4-3A841D7093E1}"
EndProject
Project("{FAE04EC0-301F-11D3-BF4B-00C04F79EFBC}") = "DebugLauncher", "DebugLauncher\DebugLauncher\DebugLauncher.csproj", "{099B0A69-74D4-4BF4-B8AD-D99983C5D497}"
EndProject
Project("{2150E333-8FDC-42A3-9474-1A3956D46DE8}") = "Solution Items", "Solution Items", "{078D9463-36F2-44E3-8005-3DF192E9B943}"
	ProjectSection(SolutionItems) = preProject
		readme.md = readme.md
	EndProjectSection
EndProject
Global
	GlobalSection(SolutionConfigurationPlatforms) = preSolution
		Debug|Any CPU = Debug|Any CPU
		Release|Any CPU = Release|Any CPU
	EndGlobalSection
	GlobalSection(ProjectConfigurationPlatforms) = postSolution
		{F117D2BA-9625-4127-8581-0D5DB5663738}.Debug|Any CPU.ActiveCfg = Debug|Any CPU
		{F117D2BA-9625-4127-8581-0D5DB5663738}.Debug|Any CPU.Build.0 = Debug|Any CPU
		{F117D2BA-9625-4127-8581-0D5DB5663738}.Release|Any CPU.ActiveCfg = Release|Any CPU
		{F117D2BA-9625-4127-8581-0D5DB5663738}.Release|Any CPU.Build.0 = Release|Any CPU
		{410A16AD-B946-4E4D-8F42-DD91EC98CE42}.Debug|Any CPU.ActiveCfg = Debug|Any CPU
		{410A16AD-B946-4E4D-8F42-DD91EC98CE42}.Debug|Any CPU.Build.0 = Debug|Any CPU
		{410A16AD-B946-4E4D-8F42-DD91EC98CE42}.Release|Any CPU.ActiveCfg = Release|Any CPU
		{410A16AD-B946-4E4D-8F42-DD91EC98CE42}.Release|Any CPU.Build.0 = Release|Any CPU
		{C9F20539-55C3-497F-B2B3-9F180FE30474}.Debug|Any CPU.ActiveCfg = Debug|Any CPU
		{C9F20539-55C3-497F-B2B3-9F180FE30474}.Debug|Any CPU.Build.0 = Debug|Any CPU
		{C9F20539-55C3-497F-B2B3-9F180FE30474}.Release|Any CPU.ActiveCfg = Release|Any CPU
		{C9F20539-55C3-497F-B2B3-9F180FE30474}.Release|Any CPU.Build.0 = Release|Any CPU
		{099B0A69-74D4-4BF4-B8AD-D99983C5D497}.Debug|Any CPU.ActiveCfg = Debug|Any CPU
		{099B0A69-74D4-4BF4-B8AD-D99983C5D497}.Debug|Any CPU.Build.0 = Debug|Any CPU
		{099B0A69-74D4-4BF4-B8AD-D99983C5D497}.Release|Any CPU.ActiveCfg = Release|Any CPU
	EndGlobalSection
	GlobalSection(SolutionProperties) = preSolution
		HideSolutionNode = FALSE
	EndGlobalSection
	GlobalSection(NestedProjects) = preSolution
		{F117D2BA-9625-4127-8581-0D5DB5663738} = {69F2EB0F-A1F9-4D98-8E55-14A01AFB384C}
		{410A16AD-B946-4E4D-8F42-DD91EC98CE42} = {69F2EB0F-A1F9-4D98-8E55-14A01AFB384C}
		{C9F20539-55C3-497F-B2B3-9F180FE30474} = {69F2EB0F-A1F9-4D98-8E55-14A01AFB384C}
		{099B0A69-74D4-4BF4-B8AD-D99983C5D497} = {45189B90-5C0D-4503-9FD4-3A841D7093E1}
	EndGlobalSection
EndGlobal
